// !$*UTF8*$!
{
	archiveVersion = 1;
	classes = {
	};
	objectVersion = 48;
	objects = {

/* Begin PBXBuildFile section */
		ACC6B0FA1FBCD0E800DAE6C5 /* AppDelegate.swift in Sources */ = {isa = PBXBuildFile; fileRef = ACC6B0F91FBCD0E800DAE6C5 /* AppDelegate.swift */; };
		ACC6B0FC1FBCD0E800DAE6C5 /* DemoViewController.swift in Sources */ = {isa = PBXBuildFile; fileRef = ACC6B0FB1FBCD0E800DAE6C5 /* DemoViewController.swift */; };
		ACC6B1011FBCD0E800DAE6C5 /* Assets.xcassets in Resources */ = {isa = PBXBuildFile; fileRef = ACC6B1001FBCD0E800DAE6C5 /* Assets.xcassets */; };
		ACC6B10F1FBCD0E800DAE6C5 /* MachineLearningTests.swift in Sources */ = {isa = PBXBuildFile; fileRef = ACC6B10E1FBCD0E800DAE6C5 /* MachineLearningTests.swift */; };
		ACC6B11F1FBCD2B000DAE6C5 /* Arithmetic.swift in Sources */ = {isa = PBXBuildFile; fileRef = ACC6B11B1FBCD2B000DAE6C5 /* Arithmetic.swift */; };
		ACC6B1201FBCD2B000DAE6C5 /* Vector.swift in Sources */ = {isa = PBXBuildFile; fileRef = ACC6B11C1FBCD2B000DAE6C5 /* Vector.swift */; };
		ACC6B1211FBCD2B000DAE6C5 /* KMeansClusterer.swift in Sources */ = {isa = PBXBuildFile; fileRef = ACC6B11D1FBCD2B000DAE6C5 /* KMeansClusterer.swift */; };
		ACC6B1221FBCD2B000DAE6C5 /* VectorCluster.swift in Sources */ = {isa = PBXBuildFile; fileRef = ACC6B11E1FBCD2B000DAE6C5 /* VectorCluster.swift */; };
		ACC6B1241FBCD31400DAE6C5 /* Collection.swift in Sources */ = {isa = PBXBuildFile; fileRef = ACC6B1231FBCD31400DAE6C5 /* Collection.swift */; };
		ACC6B1261FBCD35200DAE6C5 /* LaunchScreen.storyboard in Resources */ = {isa = PBXBuildFile; fileRef = ACC6B1251FBCD35200DAE6C5 /* LaunchScreen.storyboard */; };
/* End PBXBuildFile section */

/* Begin PBXContainerItemProxy section */
		ACC6B10B1FBCD0E800DAE6C5 /* PBXContainerItemProxy */ = {
			isa = PBXContainerItemProxy;
			containerPortal = ACC6B0EE1FBCD0E800DAE6C5 /* Project object */;
			proxyType = 1;
			remoteGlobalIDString = ACC6B0F51FBCD0E800DAE6C5;
			remoteInfo = MachineLearning;
		};
/* End PBXContainerItemProxy section */

/* Begin PBXFileReference section */
		ACC6B0F61FBCD0E800DAE6C5 /* MachineLearning.app */ = {isa = PBXFileReference; explicitFileType = wrapper.application; includeInIndex = 0; path = MachineLearning.app; sourceTree = BUILT_PRODUCTS_DIR; };
		ACC6B0F91FBCD0E800DAE6C5 /* AppDelegate.swift */ = {isa = PBXFileReference; lastKnownFileType = sourcecode.swift; path = AppDelegate.swift; sourceTree = "<group>"; };
		ACC6B0FB1FBCD0E800DAE6C5 /* DemoViewController.swift */ = {isa = PBXFileReference; lastKnownFileType = sourcecode.swift; path = DemoViewController.swift; sourceTree = "<group>"; };
		ACC6B1001FBCD0E800DAE6C5 /* Assets.xcassets */ = {isa = PBXFileReference; lastKnownFileType = folder.assetcatalog; path = Assets.xcassets; sourceTree = "<group>"; };
		ACC6B1051FBCD0E800DAE6C5 /* Info.plist */ = {isa = PBXFileReference; lastKnownFileType = text.plist.xml; path = Info.plist; sourceTree = "<group>"; };
		ACC6B10A1FBCD0E800DAE6C5 /* MachineLearningTests.xctest */ = {isa = PBXFileReference; explicitFileType = wrapper.cfbundle; includeInIndex = 0; path = MachineLearningTests.xctest; sourceTree = BUILT_PRODUCTS_DIR; };
		ACC6B10E1FBCD0E800DAE6C5 /* MachineLearningTests.swift */ = {isa = PBXFileReference; lastKnownFileType = sourcecode.swift; path = MachineLearningTests.swift; sourceTree = "<group>"; };
		ACC6B1101FBCD0E800DAE6C5 /* Info.plist */ = {isa = PBXFileReference; lastKnownFileType = text.plist.xml; path = Info.plist; sourceTree = "<group>"; };
		ACC6B11B1FBCD2B000DAE6C5 /* Arithmetic.swift */ = {isa = PBXFileReference; fileEncoding = 4; lastKnownFileType = sourcecode.swift; path = Arithmetic.swift; sourceTree = "<group>"; };
		ACC6B11C1FBCD2B000DAE6C5 /* Vector.swift */ = {isa = PBXFileReference; fileEncoding = 4; lastKnownFileType = sourcecode.swift; path = Vector.swift; sourceTree = "<group>"; };
		ACC6B11D1FBCD2B000DAE6C5 /* KMeansClusterer.swift */ = {isa = PBXFileReference; fileEncoding = 4; lastKnownFileType = sourcecode.swift; path = KMeansClusterer.swift; sourceTree = "<group>"; };
		ACC6B11E1FBCD2B000DAE6C5 /* VectorCluster.swift */ = {isa = PBXFileReference; fileEncoding = 4; lastKnownFileType = sourcecode.swift; path = VectorCluster.swift; sourceTree = "<group>"; };
		ACC6B1231FBCD31400DAE6C5 /* Collection.swift */ = {isa = PBXFileReference; lastKnownFileType = sourcecode.swift; path = Collection.swift; sourceTree = "<group>"; };
		ACC6B1251FBCD35200DAE6C5 /* LaunchScreen.storyboard */ = {isa = PBXFileReference; lastKnownFileType = file.storyboard; path = LaunchScreen.storyboard; sourceTree = "<group>"; };
/* End PBXFileReference section */

/* Begin PBXFrameworksBuildPhase section */
		ACC6B0F31FBCD0E800DAE6C5 /* Frameworks */ = {
			isa = PBXFrameworksBuildPhase;
			buildActionMask = 2147483647;
			files = (
			);
			runOnlyForDeploymentPostprocessing = 0;
		};
		ACC6B1071FBCD0E800DAE6C5 /* Frameworks */ = {
			isa = PBXFrameworksBuildPhase;
			buildActionMask = 2147483647;
			files = (
			);
			runOnlyForDeploymentPostprocessing = 0;
		};
/* End PBXFrameworksBuildPhase section */

/* Begin PBXGroup section */
		ACC6B0ED1FBCD0E800DAE6C5 = {
			isa = PBXGroup;
			children = (
				ACC6B0F81FBCD0E800DAE6C5 /* MachineLearning */,
				ACC6B10D1FBCD0E800DAE6C5 /* MachineLearningTests */,
				ACC6B0F71FBCD0E800DAE6C5 /* Products */,
			);
			sourceTree = "<group>";
		};
		ACC6B0F71FBCD0E800DAE6C5 /* Products */ = {
			isa = PBXGroup;
			children = (
				ACC6B0F61FBCD0E800DAE6C5 /* MachineLearning.app */,
				ACC6B10A1FBCD0E800DAE6C5 /* MachineLearningTests.xctest */,
			);
			name = Products;
			sourceTree = "<group>";
		};
		ACC6B0F81FBCD0E800DAE6C5 /* MachineLearning */ = {
			isa = PBXGroup;
			children = (
				ACC6B1271FBCD37000DAE6C5 /* Demo */,
				ACC6B1191FBCD1D300DAE6C5 /* Sources */,
				ACC6B11A1FBCD1D900DAE6C5 /* Supporting Files */,
			);
			path = MachineLearning;
			sourceTree = "<group>";
		};
		ACC6B10D1FBCD0E800DAE6C5 /* MachineLearningTests */ = {
			isa = PBXGroup;
			children = (
				ACC6B10E1FBCD0E800DAE6C5 /* MachineLearningTests.swift */,
				ACC6B1101FBCD0E800DAE6C5 /* Info.plist */,
			);
			path = MachineLearningTests;
			sourceTree = "<group>";
		};
		ACC6B1191FBCD1D300DAE6C5 /* Sources */ = {
			isa = PBXGroup;
			children = (
				ACC6B11D1FBCD2B000DAE6C5 /* KMeansClusterer.swift */,
				ACC6B11C1FBCD2B000DAE6C5 /* Vector.swift */,
				ACC6B11E1FBCD2B000DAE6C5 /* VectorCluster.swift */,
				ACC6B1231FBCD31400DAE6C5 /* Collection.swift */,
				ACC6B11B1FBCD2B000DAE6C5 /* Arithmetic.swift */,
			);
			path = Sources;
			sourceTree = "<group>";
		};
		ACC6B11A1FBCD1D900DAE6C5 /* Supporting Files */ = {
			isa = PBXGroup;
			children = (
				ACC6B1001FBCD0E800DAE6C5 /* Assets.xcassets */,
				ACC6B1051FBCD0E800DAE6C5 /* Info.plist */,
				ACC6B1251FBCD35200DAE6C5 /* LaunchScreen.storyboard */,
			);
			path = "Supporting Files";
			sourceTree = "<group>";
		};
		ACC6B1271FBCD37000DAE6C5 /* Demo */ = {
			isa = PBXGroup;
			children = (
				ACC6B0F91FBCD0E800DAE6C5 /* AppDelegate.swift */,
				ACC6B0FB1FBCD0E800DAE6C5 /* DemoViewController.swift */,
			);
			path = Demo;
			sourceTree = "<group>";
		};
/* End PBXGroup section */

/* Begin PBXNativeTarget section */
		ACC6B0F51FBCD0E800DAE6C5 /* MachineLearning */ = {
			isa = PBXNativeTarget;
			buildConfigurationList = ACC6B1131FBCD0E800DAE6C5 /* Build configuration list for PBXNativeTarget "MachineLearning" */;
			buildPhases = (
				ACC6B0F21FBCD0E800DAE6C5 /* Sources */,
				ACC6B0F31FBCD0E800DAE6C5 /* Frameworks */,
				ACC6B0F41FBCD0E800DAE6C5 /* Resources */,
			);
			buildRules = (
			);
			dependencies = (
			);
			name = MachineLearning;
			productName = MachineLearning;
			productReference = ACC6B0F61FBCD0E800DAE6C5 /* MachineLearning.app */;
			productType = "com.apple.product-type.application";
		};
		ACC6B1091FBCD0E800DAE6C5 /* MachineLearningTests */ = {
			isa = PBXNativeTarget;
			buildConfigurationList = ACC6B1161FBCD0E800DAE6C5 /* Build configuration list for PBXNativeTarget "MachineLearningTests" */;
			buildPhases = (
				ACC6B1061FBCD0E800DAE6C5 /* Sources */,
				ACC6B1071FBCD0E800DAE6C5 /* Frameworks */,
				ACC6B1081FBCD0E800DAE6C5 /* Resources */,
			);
			buildRules = (
			);
			dependencies = (
				ACC6B10C1FBCD0E800DAE6C5 /* PBXTargetDependency */,
			);
			name = MachineLearningTests;
			productName = MachineLearningTests;
			productReference = ACC6B10A1FBCD0E800DAE6C5 /* MachineLearningTests.xctest */;
			productType = "com.apple.product-type.bundle.unit-test";
		};
/* End PBXNativeTarget section */

/* Begin PBXProject section */
		ACC6B0EE1FBCD0E800DAE6C5 /* Project object */ = {
			isa = PBXProject;
			attributes = {
				LastSwiftUpdateCheck = 0910;
				LastUpgradeCheck = 0910;
				ORGANIZATIONNAME = sroik;
				TargetAttributes = {
					ACC6B0F51FBCD0E800DAE6C5 = {
						CreatedOnToolsVersion = 9.1;
						ProvisioningStyle = Manual;
					};
					ACC6B1091FBCD0E800DAE6C5 = {
						CreatedOnToolsVersion = 9.1;
						ProvisioningStyle = Automatic;
						TestTargetID = ACC6B0F51FBCD0E800DAE6C5;
					};
				};
			};
			buildConfigurationList = ACC6B0F11FBCD0E800DAE6C5 /* Build configuration list for PBXProject "MachineLearning" */;
			compatibilityVersion = "Xcode 8.0";
			developmentRegion = en;
			hasScannedForEncodings = 0;
			knownRegions = (
				en,
				Base,
			);
			mainGroup = ACC6B0ED1FBCD0E800DAE6C5;
			productRefGroup = ACC6B0F71FBCD0E800DAE6C5 /* Products */;
			projectDirPath = "";
			projectRoot = "";
			targets = (
				ACC6B0F51FBCD0E800DAE6C5 /* MachineLearning */,
				ACC6B1091FBCD0E800DAE6C5 /* MachineLearningTests */,
			);
		};
/* End PBXProject section */

/* Begin PBXResourcesBuildPhase section */
		ACC6B0F41FBCD0E800DAE6C5 /* Resources */ = {
			isa = PBXResourcesBuildPhase;
			buildActionMask = 2147483647;
			files = (
				ACC6B1261FBCD35200DAE6C5 /* LaunchScreen.storyboard in Resources */,
				ACC6B1011FBCD0E800DAE6C5 /* Assets.xcassets in Resources */,
			);
			runOnlyForDeploymentPostprocessing = 0;
		};
		ACC6B1081FBCD0E800DAE6C5 /* Resources */ = {
			isa = PBXResourcesBuildPhase;
			buildActionMask = 2147483647;
			files = (
			);
			runOnlyForDeploymentPostprocessing = 0;
		};
/* End PBXResourcesBuildPhase section */

/* Begin PBXSourcesBuildPhase section */
		ACC6B0F21FBCD0E800DAE6C5 /* Sources */ = {
			isa = PBXSourcesBuildPhase;
			buildActionMask = 2147483647;
			files = (
				ACC6B11F1FBCD2B000DAE6C5 /* Arithmetic.swift in Sources */,
				ACC6B1221FBCD2B000DAE6C5 /* VectorCluster.swift in Sources */,
				ACC6B1211FBCD2B000DAE6C5 /* KMeansClusterer.swift in Sources */,
				ACC6B0FC1FBCD0E800DAE6C5 /* DemoViewController.swift in Sources */,
				ACC6B1201FBCD2B000DAE6C5 /* Vector.swift in Sources */,
				ACC6B1241FBCD31400DAE6C5 /* Collection.swift in Sources */,
				ACC6B0FA1FBCD0E800DAE6C5 /* AppDelegate.swift in Sources */,
			);
			runOnlyForDeploymentPostprocessing = 0;
		};
		ACC6B1061FBCD0E800DAE6C5 /* Sources */ = {
			isa = PBXSourcesBuildPhase;
			buildActionMask = 2147483647;
			files = (
				ACC6B10F1FBCD0E800DAE6C5 /* MachineLearningTests.swift in Sources */,
			);
			runOnlyForDeploymentPostprocessing = 0;
		};
/* End PBXSourcesBuildPhase section */

/* Begin PBXTargetDependency section */
		ACC6B10C1FBCD0E800DAE6C5 /* PBXTargetDependency */ = {
			isa = PBXTargetDependency;
			target = ACC6B0F51FBCD0E800DAE6C5 /* MachineLearning */;
			targetProxy = ACC6B10B1FBCD0E800DAE6C5 /* PBXContainerItemProxy */;
		};
/* End PBXTargetDependency section */

/* Begin XCBuildConfiguration section */
		ACC6B1111FBCD0E800DAE6C5 /* Debug */ = {
			isa = XCBuildConfiguration;
			buildSettings = {
				ALWAYS_SEARCH_USER_PATHS = NO;
				CLANG_ANALYZER_NONNULL = YES;
				CLANG_ANALYZER_NUMBER_OBJECT_CONVERSION = YES_AGGRESSIVE;
				CLANG_CXX_LANGUAGE_STANDARD = "gnu++14";
				CLANG_CXX_LIBRARY = "libc++";
				CLANG_ENABLE_MODULES = YES;
				CLANG_ENABLE_OBJC_ARC = YES;
				CLANG_WARN_BLOCK_CAPTURE_AUTORELEASING = YES;
				CLANG_WARN_BOOL_CONVERSION = YES;
				CLANG_WARN_COMMA = YES;
				CLANG_WARN_CONSTANT_CONVERSION = YES;
				CLANG_WARN_DIRECT_OBJC_ISA_USAGE = YES_ERROR;
				CLANG_WARN_DOCUMENTATION_COMMENTS = YES;
				CLANG_WARN_EMPTY_BODY = YES;
				CLANG_WARN_ENUM_CONVERSION = YES;
				CLANG_WARN_INFINITE_RECURSION = YES;
				CLANG_WARN_INT_CONVERSION = YES;
				CLANG_WARN_NON_LITERAL_NULL_CONVERSION = YES;
				CLANG_WARN_OBJC_LITERAL_CONVERSION = YES;
				CLANG_WARN_OBJC_ROOT_CLASS = YES_ERROR;
				CLANG_WARN_RANGE_LOOP_ANALYSIS = YES;
				CLANG_WARN_STRICT_PROTOTYPES = YES;
				CLANG_WARN_SUSPICIOUS_MOVE = YES;
				CLANG_WARN_UNGUARDED_AVAILABILITY = YES_AGGRESSIVE;
				CLANG_WARN_UNREACHABLE_CODE = YES;
				CLANG_WARN__DUPLICATE_METHOD_MATCH = YES;
				CODE_SIGN_IDENTITY = "iPhone Developer";
				COPY_PHASE_STRIP = NO;
				DEBUG_INFORMATION_FORMAT = dwarf;
				ENABLE_STRICT_OBJC_MSGSEND = YES;
				ENABLE_TESTABILITY = YES;
				GCC_C_LANGUAGE_STANDARD = gnu11;
				GCC_DYNAMIC_NO_PIC = NO;
				GCC_NO_COMMON_BLOCKS = YES;
				GCC_OPTIMIZATION_LEVEL = 0;
				GCC_PREPROCESSOR_DEFINITIONS = (
					"DEBUG=1",
					"$(inherited)",
				);
				GCC_WARN_64_TO_32_BIT_CONVERSION = YES;
				GCC_WARN_ABOUT_RETURN_TYPE = YES_ERROR;
				GCC_WARN_UNDECLARED_SELECTOR = YES;
				GCC_WARN_UNINITIALIZED_AUTOS = YES_AGGRESSIVE;
				GCC_WARN_UNUSED_FUNCTION = YES;
				GCC_WARN_UNUSED_VARIABLE = YES;
				IPHONEOS_DEPLOYMENT_TARGET = 11.1;
				MTL_ENABLE_DEBUG_INFO = YES;
				ONLY_ACTIVE_ARCH = YES;
				SDKROOT = iphoneos;
				SWIFT_ACTIVE_COMPILATION_CONDITIONS = DEBUG;
				SWIFT_OPTIMIZATION_LEVEL = "-Onone";
			};
			name = Debug;
		};
		ACC6B1121FBCD0E800DAE6C5 /* Release */ = {
			isa = XCBuildConfiguration;
			buildSettings = {
				ALWAYS_SEARCH_USER_PATHS = NO;
				CLANG_ANALYZER_NONNULL = YES;
				CLANG_ANALYZER_NUMBER_OBJECT_CONVERSION = YES_AGGRESSIVE;
				CLANG_CXX_LANGUAGE_STANDARD = "gnu++14";
				CLANG_CXX_LIBRARY = "libc++";
				CLANG_ENABLE_MODULES = YES;
				CLANG_ENABLE_OBJC_ARC = YES;
				CLANG_WARN_BLOCK_CAPTURE_AUTORELEASING = YES;
				CLANG_WARN_BOOL_CONVERSION = YES;
				CLANG_WARN_COMMA = YES;
				CLANG_WARN_CONSTANT_CONVERSION = YES;
				CLANG_WARN_DIRECT_OBJC_ISA_USAGE = YES_ERROR;
				CLANG_WARN_DOCUMENTATION_COMMENTS = YES;
				CLANG_WARN_EMPTY_BODY = YES;
				CLANG_WARN_ENUM_CONVERSION = YES;
				CLANG_WARN_INFINITE_RECURSION = YES;
				CLANG_WARN_INT_CONVERSION = YES;
				CLANG_WARN_NON_LITERAL_NULL_CONVERSION = YES;
				CLANG_WARN_OBJC_LITERAL_CONVERSION = YES;
				CLANG_WARN_OBJC_ROOT_CLASS = YES_ERROR;
				CLANG_WARN_RANGE_LOOP_ANALYSIS = YES;
				CLANG_WARN_STRICT_PROTOTYPES = YES;
				CLANG_WARN_SUSPICIOUS_MOVE = YES;
				CLANG_WARN_UNGUARDED_AVAILABILITY = YES_AGGRESSIVE;
				CLANG_WARN_UNREACHABLE_CODE = YES;
				CLANG_WARN__DUPLICATE_METHOD_MATCH = YES;
				CODE_SIGN_IDENTITY = "iPhone Developer";
				COPY_PHASE_STRIP = NO;
				DEBUG_INFORMATION_FORMAT = "dwarf-with-dsym";
				ENABLE_NS_ASSERTIONS = NO;
				ENABLE_STRICT_OBJC_MSGSEND = YES;
				GCC_C_LANGUAGE_STANDARD = gnu11;
				GCC_NO_COMMON_BLOCKS = YES;
				GCC_WARN_64_TO_32_BIT_CONVERSION = YES;
				GCC_WARN_ABOUT_RETURN_TYPE = YES_ERROR;
				GCC_WARN_UNDECLARED_SELECTOR = YES;
				GCC_WARN_UNINITIALIZED_AUTOS = YES_AGGRESSIVE;
				GCC_WARN_UNUSED_FUNCTION = YES;
				GCC_WARN_UNUSED_VARIABLE = YES;
				IPHONEOS_DEPLOYMENT_TARGET = 11.1;
				MTL_ENABLE_DEBUG_INFO = NO;
				SDKROOT = iphoneos;
				SWIFT_OPTIMIZATION_LEVEL = "-Owholemodule";
				VALIDATE_PRODUCT = YES;
			};
			name = Release;
		};
		ACC6B1141FBCD0E800DAE6C5 /* Debug */ = {
			isa = XCBuildConfiguration;
			buildSettings = {
				ASSETCATALOG_COMPILER_APPICON_NAME = AppIcon;
				CODE_SIGN_STYLE = Manual;
				DEVELOPMENT_TEAM = YPKNFAPT66;
				INFOPLIST_FILE = "$(SRCROOT)/MachineLearning/Supporting Files/Info.plist";
				IPHONEOS_DEPLOYMENT_TARGET = 9.0;
				LD_RUNPATH_SEARCH_PATHS = "$(inherited) @executable_path/Frameworks";
				PRODUCT_BUNDLE_IDENTIFIER = com.sroik.ml;
				PRODUCT_NAME = "$(TARGET_NAME)";
				PROVISIONING_PROFILE = "eb3e06fa-aa65-436e-84b2-4ee6b4c620d3";
				PROVISIONING_PROFILE_SPECIFIER = "match Development *";
				SWIFT_VERSION = 4.0;
				TARGETED_DEVICE_FAMILY = "1,2";
			};
			name = Debug;
		};
		ACC6B1151FBCD0E800DAE6C5 /* Release */ = {
			isa = XCBuildConfiguration;
			buildSettings = {
				ASSETCATALOG_COMPILER_APPICON_NAME = AppIcon;
				CODE_SIGN_STYLE = Manual;
				DEVELOPMENT_TEAM = YPKNFAPT66;
				INFOPLIST_FILE = "$(SRCROOT)/MachineLearning/Supporting Files/Info.plist";
				IPHONEOS_DEPLOYMENT_TARGET = 9.0;
				LD_RUNPATH_SEARCH_PATHS = "$(inherited) @executable_path/Frameworks";
				PRODUCT_BUNDLE_IDENTIFIER = com.sroik.ml;
				PRODUCT_NAME = "$(TARGET_NAME)";
				PROVISIONING_PROFILE = "eb3e06fa-aa65-436e-84b2-4ee6b4c620d3";
				PROVISIONING_PROFILE_SPECIFIER = "match Development *";
				SWIFT_VERSION = 4.0;
				TARGETED_DEVICE_FAMILY = "1,2";
			};
			name = Release;
		};
		ACC6B1171FBCD0E800DAE6C5 /* Debug */ = {
			isa = XCBuildConfiguration;
			buildSettings = {
				ALWAYS_EMBED_SWIFT_STANDARD_LIBRARIES = YES;
				BUNDLE_LOADER = "$(TEST_HOST)";
				CODE_SIGN_STYLE = Automatic;
				INFOPLIST_FILE = MachineLearningTests/Info.plist;
				LD_RUNPATH_SEARCH_PATHS = "$(inherited) @executable_path/Frameworks @loader_path/Frameworks";
				PRODUCT_BUNDLE_IDENTIFIER = com.sroik.ml.MachineLearningTests;
				PRODUCT_NAME = "$(TARGET_NAME)";
				SWIFT_VERSION = 4.0;
				TARGETED_DEVICE_FAMILY = "1,2";
				TEST_HOST = "$(BUILT_PRODUCTS_DIR)/MachineLearning.app/MachineLearning";
			};
			name = Debug;
		};
		ACC6B1181FBCD0E800DAE6C5 /* Release */ = {
			isa = XCBuildConfiguration;
			buildSettings = {
				ALWAYS_EMBED_SWIFT_STANDARD_LIBRARIES = YES;
				BUNDLE_LOADER = "$(TEST_HOST)";
				CODE_SIGN_STYLE = Automatic;
				INFOPLIST_FILE = MachineLearningTests/Info.plist;
				LD_RUNPATH_SEARCH_PATHS = "$(inherited) @executable_path/Frameworks @loader_path/Frameworks";
				PRODUCT_BUNDLE_IDENTIFIER = com.sroik.ml.MachineLearningTests;
				PRODUCT_NAME = "$(TARGET_NAME)";
				SWIFT_VERSION = 4.0;
				TARGETED_DEVICE_FAMILY = "1,2";
				TEST_HOST = "$(BUILT_PRODUCTS_DIR)/MachineLearning.app/MachineLearning";
			};
			name = Release;
		};
/* End XCBuildConfiguration section */

/* Begin XCConfigurationList section */
		ACC6B0F11FBCD0E800DAE6C5 /* Build configuration list for PBXProject "MachineLearning" */ = {
			isa = XCConfigurationList;
			buildConfigurations = (
				ACC6B1111FBCD0E800DAE6C5 /* Debug */,
				ACC6B1121FBCD0E800DAE6C5 /* Release */,
			);
			defaultConfigurationIsVisible = 0;
			defaultConfigurationName = Release;
		};
		ACC6B1131FBCD0E800DAE6C5 /* Build configuration list for PBXNativeTarget "MachineLearning" */ = {
			isa = XCConfigurationList;
			buildConfigurations = (
				ACC6B1141FBCD0E800DAE6C5 /* Debug */,
				ACC6B1151FBCD0E800DAE6C5 /* Release */,
			);
			defaultConfigurationIsVisible = 0;
			defaultConfigurationName = Release;
		};
		ACC6B1161FBCD0E800DAE6C5 /* Build configuration list for PBXNativeTarget "MachineLearningTests" */ = {
			isa = XCConfigurationList;
			buildConfigurations = (
				ACC6B1171FBCD0E800DAE6C5 /* Debug */,
				ACC6B1181FBCD0E800DAE6C5 /* Release */,
			);
			defaultConfigurationIsVisible = 0;
			defaultConfigurationName = Release;
		};
/* End XCConfigurationList section */
	};
	rootObject = ACC6B0EE1FBCD0E800DAE6C5 /* Project object */;
}
